
Microsoft Visual Studio Solution File, Format Version 12.00
# Visual Studio Version 16
VisualStudioVersion = 16.0.28803.202
MinimumVisualStudioVersion = 10.0.40219.1
Project("{FAE04EC0-301F-11D3-BF4B-00C04F79EFBC}") = "CanteenDEx", "CanteenDEx.csproj", "{04E91BFD-ABE6-4428-9186-5AB22B610E4D}"
EndProject
Global
	GlobalSection(SolutionConfigurationPlatforms) = preSolution
		Debug|Any CPU = Debug|Any CPU
		Release|Any CPU = Release|Any CPU
	EndGlobalSection
	GlobalSection(ProjectConfigurationPlatforms) = postSolution
		{04E91BFD-ABE6-4428-9186-5AB22B610E4D}.Debug|Any CPU.ActiveCfg = Debug|Any CPU
		{04E91BFD-ABE6-4428-9186-5AB22B610E4D}.Debug|Any CPU.Build.0 = Debug|Any CPU
		{04E91BFD-ABE6-4428-9186-5AB22B610E4D}.Release|Any CPU.ActiveCfg = Release|Any CPU
		{04E91BFD-ABE6-4428-9186-5AB22B610E4D}.Release|Any CPU.Build.0 = Release|Any CPU
	EndGlobalSection
	GlobalSection(SolutionProperties) = preSolution
		HideSolutionNode = FALSE
	EndGlobalSection
	GlobalSection(ExtensibilityGlobals) = postSolution
		SolutionGuid = {575365D3-2651-42C6-B2E8-351E0041D8FA}
	EndGlobalSection
EndGlobal
